
Microsoft Visual Studio Solution File, Format Version 12.00
# Visual Studio Version 17
VisualStudioVersion = 17.5.33627.172
MinimumVisualStudioVersion = 10.0.40219.1
Project("{FAE04EC0-301F-11D3-BF4B-00C04F79EFBC}") = "_Work_3", "_Work_3\_Work_3.csproj", "{1EB249FE-8248-4BCC-9EF7-3EE0774FC9AE}"
EndProject
Global
	GlobalSection(SolutionConfigurationPlatforms) = preSolution
		Debug|Any CPU = Debug|Any CPU
		Release|Any CPU = Release|Any CPU
	EndGlobalSection
	GlobalSection(ProjectConfigurationPlatforms) = postSolution
		{1EB249FE-8248-4BCC-9EF7-3EE0774FC9AE}.Debug|Any CPU.ActiveCfg = Debug|Any CPU
		{1EB249FE-8248-4BCC-9EF7-3EE0774FC9AE}.Debug|Any CPU.Build.0 = Debug|Any CPU
		{1EB249FE-8248-4BCC-9EF7-3EE0774FC9AE}.Release|Any CPU.ActiveCfg = Release|Any CPU
		{1EB249FE-8248-4BCC-9EF7-3EE0774FC9AE}.Release|Any CPU.Build.0 = Release|Any CPU
	EndGlobalSection
	GlobalSection(SolutionProperties) = preSolution
		HideSolutionNode = FALSE
	EndGlobalSection
	GlobalSection(ExtensibilityGlobals) = postSolution
		SolutionGuid = {EB1CB945-97A5-4007-9035-98F7B2102481}
	EndGlobalSection
EndGlobal
