
Microsoft Visual Studio Solution File, Format Version 12.00
# Visual Studio Version 17
VisualStudioVersion = 17.7.34202.233
MinimumVisualStudioVersion = 10.0.40219.1
Project("{FAE04EC0-301F-11D3-BF4B-00C04F79EFBC}") = "ReadWord", "ReadWord\ReadWord.csproj", "{815E6FA5-F198-4DD5-A951-2EFA64CEC44A}"
EndProject
Global
	GlobalSection(SolutionConfigurationPlatforms) = preSolution
		Debug|Any CPU = Debug|Any CPU
		Release|Any CPU = Release|Any CPU
	EndGlobalSection
	GlobalSection(ProjectConfigurationPlatforms) = postSolution
		{815E6FA5-F198-4DD5-A951-2EFA64CEC44A}.Debug|Any CPU.ActiveCfg = Debug|Any CPU
		{815E6FA5-F198-4DD5-A951-2EFA64CEC44A}.Debug|Any CPU.Build.0 = Debug|Any CPU
		{815E6FA5-F198-4DD5-A951-2EFA64CEC44A}.Release|Any CPU.ActiveCfg = Release|Any CPU
		{815E6FA5-F198-4DD5-A951-2EFA64CEC44A}.Release|Any CPU.Build.0 = Release|Any CPU
	EndGlobalSection
	GlobalSection(SolutionProperties) = preSolution
		HideSolutionNode = FALSE
	EndGlobalSection
	GlobalSection(ExtensibilityGlobals) = postSolution
		SolutionGuid = {0E76A568-D6A8-4665-A528-9D375F7B829D}
	EndGlobalSection
EndGlobal
