
Microsoft Visual Studio Solution File, Format Version 12.00
# Visual Studio Version 17
VisualStudioVersion = 17.3.32901.215
MinimumVisualStudioVersion = 10.0.40219.1
Project("{FAE04EC0-301F-11D3-BF4B-00C04F79EFBC}") = "GuessTheNumber", "GuessTheNumber\GuessTheNumber.csproj", "{7D4BE40B-89C4-4C8E-AA3E-03F4B17810CC}"
EndProject
Global
	GlobalSection(SolutionConfigurationPlatforms) = preSolution
		Debug|Any CPU = Debug|Any CPU
		Release|Any CPU = Release|Any CPU
	EndGlobalSection
	GlobalSection(ProjectConfigurationPlatforms) = postSolution
		{7D4BE40B-89C4-4C8E-AA3E-03F4B17810CC}.Debug|Any CPU.ActiveCfg = Debug|Any CPU
		{7D4BE40B-89C4-4C8E-AA3E-03F4B17810CC}.Debug|Any CPU.Build.0 = Debug|Any CPU
		{7D4BE40B-89C4-4C8E-AA3E-03F4B17810CC}.Release|Any CPU.ActiveCfg = Release|Any CPU
		{7D4BE40B-89C4-4C8E-AA3E-03F4B17810CC}.Release|Any CPU.Build.0 = Release|Any CPU
	EndGlobalSection
	GlobalSection(SolutionProperties) = preSolution
		HideSolutionNode = FALSE
	EndGlobalSection
	GlobalSection(ExtensibilityGlobals) = postSolution
		SolutionGuid = {142CC6EF-9692-4BD7-AE82-13EB7522495A}
	EndGlobalSection
EndGlobal
