
Microsoft Visual Studio Solution File, Format Version 12.00
# Visual Studio Version 17
VisualStudioVersion = 17.7.34302.85
MinimumVisualStudioVersion = 10.0.40219.1
Project("{FAE04EC0-301F-11D3-BF4B-00C04F79EFBC}") = "ListContact", "ListContact\ListContact.csproj", "{B191B981-1C57-4579-8FE9-65DFA83EEED3}"
EndProject
Global
	GlobalSection(SolutionConfigurationPlatforms) = preSolution
		Debug|Any CPU = Debug|Any CPU
		Release|Any CPU = Release|Any CPU
	EndGlobalSection
	GlobalSection(ProjectConfigurationPlatforms) = postSolution
		{B191B981-1C57-4579-8FE9-65DFA83EEED3}.Debug|Any CPU.ActiveCfg = Debug|Any CPU
		{B191B981-1C57-4579-8FE9-65DFA83EEED3}.Debug|Any CPU.Build.0 = Debug|Any CPU
		{B191B981-1C57-4579-8FE9-65DFA83EEED3}.Release|Any CPU.ActiveCfg = Release|Any CPU
		{B191B981-1C57-4579-8FE9-65DFA83EEED3}.Release|Any CPU.Build.0 = Release|Any CPU
	EndGlobalSection
	GlobalSection(SolutionProperties) = preSolution
		HideSolutionNode = FALSE
	EndGlobalSection
	GlobalSection(ExtensibilityGlobals) = postSolution
		SolutionGuid = {30760F16-470C-44BA-9339-FC48B99B0887}
	EndGlobalSection
EndGlobal
