
Microsoft Visual Studio Solution File, Format Version 12.00
# Visual Studio Version 17
VisualStudioVersion = 17.8.34330.188
MinimumVisualStudioVersion = 10.0.40219.1
Project("{FAE04EC0-301F-11D3-BF4B-00C04F79EFBC}") = "HomeCifraBD - 34-3", "HomeCifraBD - 34-3\HomeCifraBD - 34-3.csproj", "{45B4B8CF-9C78-4DD7-B95F-215068C52669}"
EndProject
Global
	GlobalSection(SolutionConfigurationPlatforms) = preSolution
		Debug|Any CPU = Debug|Any CPU
		Release|Any CPU = Release|Any CPU
	EndGlobalSection
	GlobalSection(ProjectConfigurationPlatforms) = postSolution
		{45B4B8CF-9C78-4DD7-B95F-215068C52669}.Debug|Any CPU.ActiveCfg = Debug|Any CPU
		{45B4B8CF-9C78-4DD7-B95F-215068C52669}.Debug|Any CPU.Build.0 = Debug|Any CPU
		{45B4B8CF-9C78-4DD7-B95F-215068C52669}.Release|Any CPU.ActiveCfg = Release|Any CPU
		{45B4B8CF-9C78-4DD7-B95F-215068C52669}.Release|Any CPU.Build.0 = Release|Any CPU
	EndGlobalSection
	GlobalSection(SolutionProperties) = preSolution
		HideSolutionNode = FALSE
	EndGlobalSection
	GlobalSection(ExtensibilityGlobals) = postSolution
		SolutionGuid = {A387DA6F-5B27-45C9-86E6-C4F1BB8A6A16}
	EndGlobalSection
EndGlobal
