
Microsoft Visual Studio Solution File, Format Version 12.00
# Visual Studio Version 17
VisualStudioVersion = 17.5.33424.131
MinimumVisualStudioVersion = 10.0.40219.1
Project("{FAE04EC0-301F-11D3-BF4B-00C04F79EFBC}") = "_1_Work", "_1_Work\_1_Work.csproj", "{F7E3A48B-C04D-4A79-9DDF-DBD9D5368FE4}"
EndProject
Global
	GlobalSection(SolutionConfigurationPlatforms) = preSolution
		Debug|Any CPU = Debug|Any CPU
		Release|Any CPU = Release|Any CPU
	EndGlobalSection
	GlobalSection(ProjectConfigurationPlatforms) = postSolution
		{F7E3A48B-C04D-4A79-9DDF-DBD9D5368FE4}.Debug|Any CPU.ActiveCfg = Debug|Any CPU
		{F7E3A48B-C04D-4A79-9DDF-DBD9D5368FE4}.Debug|Any CPU.Build.0 = Debug|Any CPU
		{F7E3A48B-C04D-4A79-9DDF-DBD9D5368FE4}.Release|Any CPU.ActiveCfg = Release|Any CPU
		{F7E3A48B-C04D-4A79-9DDF-DBD9D5368FE4}.Release|Any CPU.Build.0 = Release|Any CPU
	EndGlobalSection
	GlobalSection(SolutionProperties) = preSolution
		HideSolutionNode = FALSE
	EndGlobalSection
	GlobalSection(ExtensibilityGlobals) = postSolution
		SolutionGuid = {C87535A1-A35B-4FCC-A6F2-63DBC7076BD0}
	EndGlobalSection
EndGlobal
