
Microsoft Visual Studio Solution File, Format Version 12.00
# Visual Studio Version 17
VisualStudioVersion = 17.5.33516.290
MinimumVisualStudioVersion = 10.0.40219.1
Project("{FAE04EC0-301F-11D3-BF4B-00C04F79EFBC}") = "_1_Work", "_1_Work\_1_Work.csproj", "{4F35F85C-2714-48A1-B47E-0360B811AD61}"
EndProject
Global
	GlobalSection(SolutionConfigurationPlatforms) = preSolution
		Debug|Any CPU = Debug|Any CPU
		Release|Any CPU = Release|Any CPU
	EndGlobalSection
	GlobalSection(ProjectConfigurationPlatforms) = postSolution
		{4F35F85C-2714-48A1-B47E-0360B811AD61}.Debug|Any CPU.ActiveCfg = Debug|Any CPU
		{4F35F85C-2714-48A1-B47E-0360B811AD61}.Debug|Any CPU.Build.0 = Debug|Any CPU
		{4F35F85C-2714-48A1-B47E-0360B811AD61}.Release|Any CPU.ActiveCfg = Release|Any CPU
		{4F35F85C-2714-48A1-B47E-0360B811AD61}.Release|Any CPU.Build.0 = Release|Any CPU
	EndGlobalSection
	GlobalSection(SolutionProperties) = preSolution
		HideSolutionNode = FALSE
	EndGlobalSection
	GlobalSection(ExtensibilityGlobals) = postSolution
		SolutionGuid = {5C8E3AB6-7423-4C0E-A4CF-95E9BA06FD62}
	EndGlobalSection
EndGlobal
