
Microsoft Visual Studio Solution File, Format Version 12.00
# Visual Studio Version 17
VisualStudioVersion = 17.7.34202.233
MinimumVisualStudioVersion = 10.0.40219.1
Project("{FAE04EC0-301F-11D3-BF4B-00C04F79EFBC}") = "HomeCifra_20", "HomeCifra_20\HomeCifra_20.csproj", "{A720BA94-01BA-48E6-B43E-5F065C09176C}"
EndProject
Global
	GlobalSection(SolutionConfigurationPlatforms) = preSolution
		Debug|Any CPU = Debug|Any CPU
		Release|Any CPU = Release|Any CPU
	EndGlobalSection
	GlobalSection(ProjectConfigurationPlatforms) = postSolution
		{A720BA94-01BA-48E6-B43E-5F065C09176C}.Debug|Any CPU.ActiveCfg = Debug|Any CPU
		{A720BA94-01BA-48E6-B43E-5F065C09176C}.Debug|Any CPU.Build.0 = Debug|Any CPU
		{A720BA94-01BA-48E6-B43E-5F065C09176C}.Release|Any CPU.ActiveCfg = Release|Any CPU
		{A720BA94-01BA-48E6-B43E-5F065C09176C}.Release|Any CPU.Build.0 = Release|Any CPU
	EndGlobalSection
	GlobalSection(SolutionProperties) = preSolution
		HideSolutionNode = FALSE
	EndGlobalSection
	GlobalSection(ExtensibilityGlobals) = postSolution
		SolutionGuid = {993C0C54-9046-42E5-B075-A182A72C8A68}
	EndGlobalSection
EndGlobal
