
Microsoft Visual Studio Solution File, Format Version 12.00
# Visual Studio Version 17
VisualStudioVersion = 17.3.32901.215
MinimumVisualStudioVersion = 10.0.40219.1
Project("{FAE04EC0-301F-11D3-BF4B-00C04F79EFBC}") = "_1_Work", "_1_Work\_1_Work.csproj", "{CDF32BB1-1663-4685-BF0A-2DFD546AFFF8}"
EndProject
Global
	GlobalSection(SolutionConfigurationPlatforms) = preSolution
		Debug|Any CPU = Debug|Any CPU
		Release|Any CPU = Release|Any CPU
	EndGlobalSection
	GlobalSection(ProjectConfigurationPlatforms) = postSolution
		{CDF32BB1-1663-4685-BF0A-2DFD546AFFF8}.Debug|Any CPU.ActiveCfg = Debug|Any CPU
		{CDF32BB1-1663-4685-BF0A-2DFD546AFFF8}.Debug|Any CPU.Build.0 = Debug|Any CPU
		{CDF32BB1-1663-4685-BF0A-2DFD546AFFF8}.Release|Any CPU.ActiveCfg = Release|Any CPU
		{CDF32BB1-1663-4685-BF0A-2DFD546AFFF8}.Release|Any CPU.Build.0 = Release|Any CPU
	EndGlobalSection
	GlobalSection(SolutionProperties) = preSolution
		HideSolutionNode = FALSE
	EndGlobalSection
	GlobalSection(ExtensibilityGlobals) = postSolution
		SolutionGuid = {0DEDD314-6C6C-471C-9063-764C0B32137F}
	EndGlobalSection
EndGlobal
