
Microsoft Visual Studio Solution File, Format Version 12.00
# Visual Studio Version 17
VisualStudioVersion = 17.7.34202.233
MinimumVisualStudioVersion = 10.0.40219.1
Project("{FAE04EC0-301F-11D3-BF4B-00C04F79EFBC}") = "SofT industries", "SofT industries\SofT industries.csproj", "{6DE259C3-16E3-4F4B-B3C4-CC20E97871DF}"
EndProject
Global
	GlobalSection(SolutionConfigurationPlatforms) = preSolution
		Debug|Any CPU = Debug|Any CPU
		Release|Any CPU = Release|Any CPU
	EndGlobalSection
	GlobalSection(ProjectConfigurationPlatforms) = postSolution
		{6DE259C3-16E3-4F4B-B3C4-CC20E97871DF}.Debug|Any CPU.ActiveCfg = Debug|Any CPU
		{6DE259C3-16E3-4F4B-B3C4-CC20E97871DF}.Debug|Any CPU.Build.0 = Debug|Any CPU
		{6DE259C3-16E3-4F4B-B3C4-CC20E97871DF}.Release|Any CPU.ActiveCfg = Release|Any CPU
		{6DE259C3-16E3-4F4B-B3C4-CC20E97871DF}.Release|Any CPU.Build.0 = Release|Any CPU
	EndGlobalSection
	GlobalSection(SolutionProperties) = preSolution
		HideSolutionNode = FALSE
	EndGlobalSection
	GlobalSection(ExtensibilityGlobals) = postSolution
		SolutionGuid = {CF4BCD33-8BC4-452B-85D2-F6E6302E7594}
	EndGlobalSection
EndGlobal
