
Microsoft Visual Studio Solution File, Format Version 12.00
# Visual Studio Version 17
VisualStudioVersion = 17.5.33627.172
MinimumVisualStudioVersion = 10.0.40219.1
Project("{FAE04EC0-301F-11D3-BF4B-00C04F79EFBC}") = "21-2 - HomeCifra", "21-2 - HomeCifra\21-2 - HomeCifra.csproj", "{66486B37-088E-4D5C-BCB3-D79839F4DDBF}"
EndProject
Global
	GlobalSection(SolutionConfigurationPlatforms) = preSolution
		Debug|Any CPU = Debug|Any CPU
		Release|Any CPU = Release|Any CPU
	EndGlobalSection
	GlobalSection(ProjectConfigurationPlatforms) = postSolution
		{66486B37-088E-4D5C-BCB3-D79839F4DDBF}.Debug|Any CPU.ActiveCfg = Debug|Any CPU
		{66486B37-088E-4D5C-BCB3-D79839F4DDBF}.Debug|Any CPU.Build.0 = Debug|Any CPU
		{66486B37-088E-4D5C-BCB3-D79839F4DDBF}.Release|Any CPU.ActiveCfg = Release|Any CPU
		{66486B37-088E-4D5C-BCB3-D79839F4DDBF}.Release|Any CPU.Build.0 = Release|Any CPU
	EndGlobalSection
	GlobalSection(SolutionProperties) = preSolution
		HideSolutionNode = FALSE
	EndGlobalSection
	GlobalSection(ExtensibilityGlobals) = postSolution
		SolutionGuid = {242EF0CB-2EBF-4330-BEC3-4CAA5004A43F}
	EndGlobalSection
EndGlobal
