
Microsoft Visual Studio Solution File, Format Version 12.00
# Visual Studio Version 17
VisualStudioVersion = 17.5.33627.172
MinimumVisualStudioVersion = 10.0.40219.1
Project("{FAE04EC0-301F-11D3-BF4B-00C04F79EFBC}") = "_1_Work", "_1_Work\_1_Work.csproj", "{AC23AB2E-C49B-4BFA-B47E-1590CB4C9415}"
EndProject
Global
	GlobalSection(SolutionConfigurationPlatforms) = preSolution
		Debug|Any CPU = Debug|Any CPU
		Release|Any CPU = Release|Any CPU
	EndGlobalSection
	GlobalSection(ProjectConfigurationPlatforms) = postSolution
		{AC23AB2E-C49B-4BFA-B47E-1590CB4C9415}.Debug|Any CPU.ActiveCfg = Debug|Any CPU
		{AC23AB2E-C49B-4BFA-B47E-1590CB4C9415}.Debug|Any CPU.Build.0 = Debug|Any CPU
		{AC23AB2E-C49B-4BFA-B47E-1590CB4C9415}.Release|Any CPU.ActiveCfg = Release|Any CPU
		{AC23AB2E-C49B-4BFA-B47E-1590CB4C9415}.Release|Any CPU.Build.0 = Release|Any CPU
	EndGlobalSection
	GlobalSection(SolutionProperties) = preSolution
		HideSolutionNode = FALSE
	EndGlobalSection
	GlobalSection(ExtensibilityGlobals) = postSolution
		SolutionGuid = {C4BADB39-5FF5-4BC4-9679-535D8085AF5E}
	EndGlobalSection
EndGlobal
