
Microsoft Visual Studio Solution File, Format Version 12.00
# Visual Studio Version 17
VisualStudioVersion = 17.7.34202.233
MinimumVisualStudioVersion = 10.0.40219.1
Project("{FAE04EC0-301F-11D3-BF4B-00C04F79EFBC}") = "CsvReaders", "CsvReader\CsvReaders.csproj", "{F47346AB-7DF7-4282-B6D2-33585C012C45}"
EndProject
Global
	GlobalSection(SolutionConfigurationPlatforms) = preSolution
		Debug|Any CPU = Debug|Any CPU
		Release|Any CPU = Release|Any CPU
	EndGlobalSection
	GlobalSection(ProjectConfigurationPlatforms) = postSolution
		{F47346AB-7DF7-4282-B6D2-33585C012C45}.Debug|Any CPU.ActiveCfg = Debug|Any CPU
		{F47346AB-7DF7-4282-B6D2-33585C012C45}.Debug|Any CPU.Build.0 = Debug|Any CPU
		{F47346AB-7DF7-4282-B6D2-33585C012C45}.Release|Any CPU.ActiveCfg = Release|Any CPU
		{F47346AB-7DF7-4282-B6D2-33585C012C45}.Release|Any CPU.Build.0 = Release|Any CPU
	EndGlobalSection
	GlobalSection(SolutionProperties) = preSolution
		HideSolutionNode = FALSE
	EndGlobalSection
	GlobalSection(ExtensibilityGlobals) = postSolution
		SolutionGuid = {E24FEBE5-CEA6-49DD-92B8-67177A3AB6B8}
	EndGlobalSection
EndGlobal
