
Microsoft Visual Studio Solution File, Format Version 12.00
# Visual Studio Version 17
VisualStudioVersion = 17.5.33424.131
MinimumVisualStudioVersion = 10.0.40219.1
Project("{FAE04EC0-301F-11D3-BF4B-00C04F79EFBC}") = "TaskManager", "TaskManager\TaskManager.csproj", "{2BC501DC-D1F7-4EF5-9493-94BA05334FCD}"
EndProject
Global
	GlobalSection(SolutionConfigurationPlatforms) = preSolution
		Debug|Any CPU = Debug|Any CPU
		Release|Any CPU = Release|Any CPU
	EndGlobalSection
	GlobalSection(ProjectConfigurationPlatforms) = postSolution
		{2BC501DC-D1F7-4EF5-9493-94BA05334FCD}.Debug|Any CPU.ActiveCfg = Debug|Any CPU
		{2BC501DC-D1F7-4EF5-9493-94BA05334FCD}.Debug|Any CPU.Build.0 = Debug|Any CPU
		{2BC501DC-D1F7-4EF5-9493-94BA05334FCD}.Release|Any CPU.ActiveCfg = Release|Any CPU
		{2BC501DC-D1F7-4EF5-9493-94BA05334FCD}.Release|Any CPU.Build.0 = Release|Any CPU
	EndGlobalSection
	GlobalSection(SolutionProperties) = preSolution
		HideSolutionNode = FALSE
	EndGlobalSection
	GlobalSection(ExtensibilityGlobals) = postSolution
		SolutionGuid = {0A6E10AA-C685-4DDB-9FBA-4F48D0E180B4}
	EndGlobalSection
EndGlobal
