
Microsoft Visual Studio Solution File, Format Version 12.00
# Visual Studio Version 17
VisualStudioVersion = 17.3.32901.215
MinimumVisualStudioVersion = 10.0.40219.1
Project("{FAE04EC0-301F-11D3-BF4B-00C04F79EFBC}") = "_Timer", "_Timer\_Timer.csproj", "{BFB30DE9-FD5D-47A5-9332-61238301E6B1}"
EndProject
Global
	GlobalSection(SolutionConfigurationPlatforms) = preSolution
		Debug|Any CPU = Debug|Any CPU
		Release|Any CPU = Release|Any CPU
	EndGlobalSection
	GlobalSection(ProjectConfigurationPlatforms) = postSolution
		{BFB30DE9-FD5D-47A5-9332-61238301E6B1}.Debug|Any CPU.ActiveCfg = Debug|Any CPU
		{BFB30DE9-FD5D-47A5-9332-61238301E6B1}.Debug|Any CPU.Build.0 = Debug|Any CPU
		{BFB30DE9-FD5D-47A5-9332-61238301E6B1}.Release|Any CPU.ActiveCfg = Release|Any CPU
		{BFB30DE9-FD5D-47A5-9332-61238301E6B1}.Release|Any CPU.Build.0 = Release|Any CPU
	EndGlobalSection
	GlobalSection(SolutionProperties) = preSolution
		HideSolutionNode = FALSE
	EndGlobalSection
	GlobalSection(ExtensibilityGlobals) = postSolution
		SolutionGuid = {79B9DF3A-F9EA-4207-9992-7A01A7726873}
	EndGlobalSection
EndGlobal
