
Microsoft Visual Studio Solution File, Format Version 12.00
# Visual Studio Version 17
VisualStudioVersion = 17.5.33627.172
MinimumVisualStudioVersion = 10.0.40219.1
Project("{FAE04EC0-301F-11D3-BF4B-00C04F79EFBC}") = "NameSpace_Write_Partial", "NameSpace_Write_Partial\NameSpace_Write_Partial.csproj", "{7AE9F6EC-0549-45A7-94E4-3C9C7C76E8CC}"
EndProject
Global
	GlobalSection(SolutionConfigurationPlatforms) = preSolution
		Debug|Any CPU = Debug|Any CPU
		Release|Any CPU = Release|Any CPU
	EndGlobalSection
	GlobalSection(ProjectConfigurationPlatforms) = postSolution
		{7AE9F6EC-0549-45A7-94E4-3C9C7C76E8CC}.Debug|Any CPU.ActiveCfg = Debug|Any CPU
		{7AE9F6EC-0549-45A7-94E4-3C9C7C76E8CC}.Debug|Any CPU.Build.0 = Debug|Any CPU
		{7AE9F6EC-0549-45A7-94E4-3C9C7C76E8CC}.Release|Any CPU.ActiveCfg = Release|Any CPU
		{7AE9F6EC-0549-45A7-94E4-3C9C7C76E8CC}.Release|Any CPU.Build.0 = Release|Any CPU
	EndGlobalSection
	GlobalSection(SolutionProperties) = preSolution
		HideSolutionNode = FALSE
	EndGlobalSection
	GlobalSection(ExtensibilityGlobals) = postSolution
		SolutionGuid = {F4869C88-6B78-4F74-8B93-F25311652616}
	EndGlobalSection
EndGlobal
