
Microsoft Visual Studio Solution File, Format Version 12.00
# Visual Studio Version 17
VisualStudioVersion = 17.5.33627.172
MinimumVisualStudioVersion = 10.0.40219.1
Project("{FAE04EC0-301F-11D3-BF4B-00C04F79EFBC}") = "Work_1", "Work_1\Work_1.csproj", "{0342C307-F3F5-48D2-B3AA-8E90571D7BCD}"
EndProject
Project("{FAE04EC0-301F-11D3-BF4B-00C04F79EFBC}") = "Work_2", "Work_2\Work_2.csproj", "{B700F553-7D1E-4348-B4BC-BB7021AD3B84}"
EndProject
Global
	GlobalSection(SolutionConfigurationPlatforms) = preSolution
		Debug|Any CPU = Debug|Any CPU
		Release|Any CPU = Release|Any CPU
	EndGlobalSection
	GlobalSection(ProjectConfigurationPlatforms) = postSolution
		{0342C307-F3F5-48D2-B3AA-8E90571D7BCD}.Debug|Any CPU.ActiveCfg = Debug|Any CPU
		{0342C307-F3F5-48D2-B3AA-8E90571D7BCD}.Debug|Any CPU.Build.0 = Debug|Any CPU
		{0342C307-F3F5-48D2-B3AA-8E90571D7BCD}.Release|Any CPU.ActiveCfg = Release|Any CPU
		{0342C307-F3F5-48D2-B3AA-8E90571D7BCD}.Release|Any CPU.Build.0 = Release|Any CPU
		{B700F553-7D1E-4348-B4BC-BB7021AD3B84}.Debug|Any CPU.ActiveCfg = Debug|Any CPU
		{B700F553-7D1E-4348-B4BC-BB7021AD3B84}.Debug|Any CPU.Build.0 = Debug|Any CPU
		{B700F553-7D1E-4348-B4BC-BB7021AD3B84}.Release|Any CPU.ActiveCfg = Release|Any CPU
		{B700F553-7D1E-4348-B4BC-BB7021AD3B84}.Release|Any CPU.Build.0 = Release|Any CPU
	EndGlobalSection
	GlobalSection(SolutionProperties) = preSolution
		HideSolutionNode = FALSE
	EndGlobalSection
	GlobalSection(ExtensibilityGlobals) = postSolution
		SolutionGuid = {EAA5AE38-7188-426D-9637-6029E43BDCCD}
	EndGlobalSection
EndGlobal
